
Microsoft Visual Studio Solution File, Format Version 12.00
# Visual Studio 15
VisualStudioVersion = 15.0.26906.1
MinimumVisualStudioVersion = 10.0.40219.1
Project("{FAE04EC0-301F-11D3-BF4B-00C04F79EFBC}") = "Keras Sharp", "sources\Keras Sharp.csproj", "{1478E4E5-F4D5-4066-886B-544D1E172374}"
EndProject
Project("{FAE04EC0-301F-11D3-BF4B-00C04F79EFBC}") = "Unit Tests", "Tests\Unit Tests.csproj", "{8EDF4429-251A-416D-BB68-93F227191BCF}"
EndProject
Project("{2150E333-8FDC-42A3-9474-1A3956D46DE8}") = "Solution Items", "Solution Items", "{C2CF014A-3B66-4290-B2E6-F7C34513D915}"
	ProjectSection(SolutionItems) = preProject
		LICENSE = LICENSE
		README.md = README.md
	EndProjectSection
EndProject
Project("{2150E333-8FDC-42A3-9474-1A3956D46DE8}") = "Backends", "Backends", "{0DAA7F67-8E93-4EC8-9CB5-C0D1924C34E1}"
EndProject
Project("{FAE04EC0-301F-11D3-BF4B-00C04F79EFBC}") = "TensorFlow (CPU)", "Backends\TensorFlow\TensorFlow (CPU).csproj", "{31E970FD-4952-4A3A-9CC9-F9B519C3B20D}"
EndProject
Project("{FAE04EC0-301F-11D3-BF4B-00C04F79EFBC}") = "CNTK (CPU)", "Backends\CNTK.CPU\CNTK (CPU).csproj", "{99BEFBBE-88C2-426A-B687-0D0928B54F05}"
EndProject
Project("{FAE04EC0-301F-11D3-BF4B-00C04F79EFBC}") = "SampleApp", "Samples\SampleApp\SampleApp.csproj", "{6967A8A5-C456-4172-A346-D654DC6DF44F}"
EndProject
Project("{2150E333-8FDC-42A3-9474-1A3956D46DE8}") = "Samples", "Samples", "{20336A73-55DF-4E51-8B8E-EEC975686444}"
EndProject
Global
	GlobalSection(SolutionConfigurationPlatforms) = preSolution
		Debug|Any CPU = Debug|Any CPU
		Debug|x64 = Debug|x64
		Release|Any CPU = Release|Any CPU
		Release|x64 = Release|x64
	EndGlobalSection
	GlobalSection(ProjectConfigurationPlatforms) = postSolution
		{1478E4E5-F4D5-4066-886B-544D1E172374}.Debug|Any CPU.ActiveCfg = Debug|Any CPU
		{1478E4E5-F4D5-4066-886B-544D1E172374}.Debug|Any CPU.Build.0 = Debug|Any CPU
		{1478E4E5-F4D5-4066-886B-544D1E172374}.Debug|x64.ActiveCfg = Debug|x64
		{1478E4E5-F4D5-4066-886B-544D1E172374}.Debug|x64.Build.0 = Debug|x64
		{1478E4E5-F4D5-4066-886B-544D1E172374}.Release|Any CPU.ActiveCfg = Release|Any CPU
		{1478E4E5-F4D5-4066-886B-544D1E172374}.Release|Any CPU.Build.0 = Release|Any CPU
		{1478E4E5-F4D5-4066-886B-544D1E172374}.Release|x64.ActiveCfg = Release|x64
		{1478E4E5-F4D5-4066-886B-544D1E172374}.Release|x64.Build.0 = Release|x64
		{8EDF4429-251A-416D-BB68-93F227191BCF}.Debug|Any CPU.ActiveCfg = Debug|Any CPU
		{8EDF4429-251A-416D-BB68-93F227191BCF}.Debug|Any CPU.Build.0 = Debug|Any CPU
		{8EDF4429-251A-416D-BB68-93F227191BCF}.Debug|x64.ActiveCfg = Debug|x64
		{8EDF4429-251A-416D-BB68-93F227191BCF}.Debug|x64.Build.0 = Debug|x64
		{8EDF4429-251A-416D-BB68-93F227191BCF}.Release|Any CPU.ActiveCfg = Release|Any CPU
		{8EDF4429-251A-416D-BB68-93F227191BCF}.Release|Any CPU.Build.0 = Release|Any CPU
		{8EDF4429-251A-416D-BB68-93F227191BCF}.Release|x64.ActiveCfg = Release|x64
		{8EDF4429-251A-416D-BB68-93F227191BCF}.Release|x64.Build.0 = Release|x64
		{31E970FD-4952-4A3A-9CC9-F9B519C3B20D}.Debug|Any CPU.ActiveCfg = Debug|Any CPU
		{31E970FD-4952-4A3A-9CC9-F9B519C3B20D}.Debug|Any CPU.Build.0 = Debug|Any CPU
		{31E970FD-4952-4A3A-9CC9-F9B519C3B20D}.Debug|x64.ActiveCfg = Debug|x64
		{31E970FD-4952-4A3A-9CC9-F9B519C3B20D}.Debug|x64.Build.0 = Debug|x64
		{31E970FD-4952-4A3A-9CC9-F9B519C3B20D}.Release|Any CPU.ActiveCfg = Release|Any CPU
		{31E970FD-4952-4A3A-9CC9-F9B519C3B20D}.Release|Any CPU.Build.0 = Release|Any CPU
		{31E970FD-4952-4A3A-9CC9-F9B519C3B20D}.Release|x64.ActiveCfg = Release|x64
		{31E970FD-4952-4A3A-9CC9-F9B519C3B20D}.Release|x64.Build.0 = Release|x64
		{99BEFBBE-88C2-426A-B687-0D0928B54F05}.Debug|Any CPU.ActiveCfg = Debug|Any CPU
		{99BEFBBE-88C2-426A-B687-0D0928B54F05}.Debug|Any CPU.Build.0 = Debug|Any CPU
		{99BEFBBE-88C2-426A-B687-0D0928B54F05}.Debug|x64.ActiveCfg = Debug|x64
		{99BEFBBE-88C2-426A-B687-0D0928B54F05}.Debug|x64.Build.0 = Debug|x64
		{99BEFBBE-88C2-426A-B687-0D0928B54F05}.Release|Any CPU.ActiveCfg = Release|Any CPU
		{99BEFBBE-88C2-426A-B687-0D0928B54F05}.Release|Any CPU.Build.0 = Release|Any CPU
		{99BEFBBE-88C2-426A-B687-0D0928B54F05}.Release|x64.ActiveCfg = Release|x64
		{99BEFBBE-88C2-426A-B687-0D0928B54F05}.Release|x64.Build.0 = Release|x64
		{6967A8A5-C456-4172-A346-D654DC6DF44F}.Debug|Any CPU.ActiveCfg = Debug|Any CPU
		{6967A8A5-C456-4172-A346-D654DC6DF44F}.Debug|Any CPU.Build.0 = Debug|Any CPU
		{6967A8A5-C456-4172-A346-D654DC6DF44F}.Debug|x64.ActiveCfg = Debug|x64
		{6967A8A5-C456-4172-A346-D654DC6DF44F}.Debug|x64.Build.0 = Debug|x64
		{6967A8A5-C456-4172-A346-D654DC6DF44F}.Release|Any CPU.ActiveCfg = Release|Any CPU
		{6967A8A5-C456-4172-A346-D654DC6DF44F}.Release|Any CPU.Build.0 = Release|Any CPU
		{6967A8A5-C456-4172-A346-D654DC6DF44F}.Release|x64.ActiveCfg = Release|Any CPU
		{6967A8A5-C456-4172-A346-D654DC6DF44F}.Release|x64.Build.0 = Release|Any CPU
	EndGlobalSection
	GlobalSection(SolutionProperties) = preSolution
		HideSolutionNode = FALSE
	EndGlobalSection
	GlobalSection(NestedProjects) = preSolution
		{31E970FD-4952-4A3A-9CC9-F9B519C3B20D} = {0DAA7F67-8E93-4EC8-9CB5-C0D1924C34E1}
		{99BEFBBE-88C2-426A-B687-0D0928B54F05} = {0DAA7F67-8E93-4EC8-9CB5-C0D1924C34E1}
		{6967A8A5-C456-4172-A346-D654DC6DF44F} = {20336A73-55DF-4E51-8B8E-EEC975686444}
	EndGlobalSection
	GlobalSection(ExtensibilityGlobals) = postSolution
		SolutionGuid = {12390374-1462-4836-BC17-0986518A9F03}
	EndGlobalSection
EndGlobal
